
Microsoft Visual Studio Solution File, Format Version 12.00
# Visual Studio 15
VisualStudioVersion = 15.0.28307.329
MinimumVisualStudioVersion = 10.0.40219.1
Project("{2150E333-8FDC-42A3-9474-1A3956D46DE8}") = "src", "src", "{0CB53CC1-0A0D-4F24-8DB1-012B30D1556A}"
EndProject
Project("{9A19103F-16F7-4668-BE54-9A1E7A4F7556}") = "Microsoft.Azure.Functions.PowerShellWorker", "src\Microsoft.Azure.Functions.PowerShellWorker.csproj", "{1BC596F9-5ECD-402E-A438-B9C0B865F498}"
EndProject
Project("{2150E333-8FDC-42A3-9474-1A3956D46DE8}") = "test", "test", "{37D1E02C-EC87-4DC9-B808-4D7A57A70468}"
EndProject
Project("{9A19103F-16F7-4668-BE54-9A1E7A4F7556}") = "Microsoft.Azure.Functions.PowerShellWorker.Test", "test\Unit\Microsoft.Azure.Functions.PowerShellWorker.Test.csproj", "{5DEF7E51-7E6A-4AEF-9AE1-3092B8E98A0E}"
EndProject
Global
	GlobalSection(SolutionConfigurationPlatforms) = preSolution
		Debug|Any CPU = Debug|Any CPU
		Release|Any CPU = Release|Any CPU
	EndGlobalSection
	GlobalSection(ProjectConfigurationPlatforms) = postSolution
		{1BC596F9-5ECD-402E-A438-B9C0B865F498}.Debug|Any CPU.ActiveCfg = Debug|Any CPU
		{1BC596F9-5ECD-402E-A438-B9C0B865F498}.Debug|Any CPU.Build.0 = Debug|Any CPU
		{1BC596F9-5ECD-402E-A438-B9C0B865F498}.Release|Any CPU.ActiveCfg = Release|Any CPU
		{1BC596F9-5ECD-402E-A438-B9C0B865F498}.Release|Any CPU.Build.0 = Release|Any CPU
		{5DEF7E51-7E6A-4AEF-9AE1-3092B8E98A0E}.Debug|Any CPU.ActiveCfg = Debug|Any CPU
		{5DEF7E51-7E6A-4AEF-9AE1-3092B8E98A0E}.Debug|Any CPU.Build.0 = Debug|Any CPU
		{5DEF7E51-7E6A-4AEF-9AE1-3092B8E98A0E}.Release|Any CPU.ActiveCfg = Release|Any CPU
		{5DEF7E51-7E6A-4AEF-9AE1-3092B8E98A0E}.Release|Any CPU.Build.0 = Release|Any CPU
	EndGlobalSection
	GlobalSection(SolutionProperties) = preSolution
		HideSolutionNode = FALSE
	EndGlobalSection
	GlobalSection(NestedProjects) = preSolution
		{1BC596F9-5ECD-402E-A438-B9C0B865F498} = {0CB53CC1-0A0D-4F24-8DB1-012B30D1556A}
		{5DEF7E51-7E6A-4AEF-9AE1-3092B8E98A0E} = {37D1E02C-EC87-4DC9-B808-4D7A57A70468}
	EndGlobalSection
	GlobalSection(ExtensibilityGlobals) = postSolution
		SolutionGuid = {7062139F-0064-4B80-A47E-CB5DD14804C7}
	EndGlobalSection
EndGlobal
